
Microsoft Visual Studio Solution File, Format Version 12.00
# Visual Studio Version 16
VisualStudioVersion = 16.0.30413.136
MinimumVisualStudioVersion = 10.0.40219.1
Project("{8BC9CEB8-8B4A-11D0-8D11-00A0C91BC942}") = "7_3 참조에 의한 인수 전달", "7_3 참조에 의한 인수 전달\7_3 참조에 의한 인수 전달.vcxproj", "{1FC15AB0-F6E3-4EA5-8EDD-AE9D50949A5A}"
EndProject
Project("{8BC9CEB8-8B4A-11D0-8D11-00A0C91BC942}") = "7_5 다양한 반환 값들(값, 참조, 주소, 구조체, 튜플)", "7_5 다양한 반환 값들(값, 참조, 주소, 구조체, 튜플)\7_5 다양한 반환 값들(값, 참조, 주소, 구조체, 튜플).vcxproj", "{29B312CB-C053-4B7F-904D-A76A5D4B6157}"
EndProject
Project("{8BC9CEB8-8B4A-11D0-8D11-00A0C91BC942}") = "7_11 std vector를 스택처럼 사용하기", "7_11 std vector를 스택처럼 사용하기\7_11 std vector를 스택처럼 사용하기.vcxproj", "{1EBC2DB9-5667-4605-B042-E21C40F2BBDB}"
EndProject
Project("{8BC9CEB8-8B4A-11D0-8D11-00A0C91BC942}") = "7_13 Defensive programming", "7_13 Defensive programming\7_13 Defensive programming.vcxproj", "{C25E339A-A514-4D21-97AD-C7A5B848E0E4}"
EndProject
Project("{8BC9CEB8-8B4A-11D0-8D11-00A0C91BC942}") = "7_14 assert", "7_14 assert\7_14 assert.vcxproj", "{DFC2555E-B424-4B09-803D-F84AC43FF80B}"
EndProject
Project("{8BC9CEB8-8B4A-11D0-8D11-00A0C91BC942}") = "7.15 command line arguments", "7.15 command line arguments\7.15 command line arguments.vcxproj", "{7CE3C774-C34C-4BF6-BFC4-CC5520425D1A}"
EndProject
Project("{8BC9CEB8-8B4A-11D0-8D11-00A0C91BC942}") = "7_16 생략부호 Ellipsis", "7_16 생략부호 Ellipsis\7_16 생략부호 Ellipsis.vcxproj", "{A40D7F5D-D3E7-4F35-A256-480A1EC7BA05}"
EndProject
Global
	GlobalSection(SolutionConfigurationPlatforms) = preSolution
		Debug|x64 = Debug|x64
		Debug|x86 = Debug|x86
		Release|x64 = Release|x64
		Release|x86 = Release|x86
	EndGlobalSection
	GlobalSection(ProjectConfigurationPlatforms) = postSolution
		{1FC15AB0-F6E3-4EA5-8EDD-AE9D50949A5A}.Debug|x64.ActiveCfg = Debug|x64
		{1FC15AB0-F6E3-4EA5-8EDD-AE9D50949A5A}.Debug|x64.Build.0 = Debug|x64
		{1FC15AB0-F6E3-4EA5-8EDD-AE9D50949A5A}.Debug|x86.ActiveCfg = Debug|Win32
		{1FC15AB0-F6E3-4EA5-8EDD-AE9D50949A5A}.Debug|x86.Build.0 = Debug|Win32
		{1FC15AB0-F6E3-4EA5-8EDD-AE9D50949A5A}.Release|x64.ActiveCfg = Release|x64
		{1FC15AB0-F6E3-4EA5-8EDD-AE9D50949A5A}.Release|x64.Build.0 = Release|x64
		{1FC15AB0-F6E3-4EA5-8EDD-AE9D50949A5A}.Release|x86.ActiveCfg = Release|Win32
		{1FC15AB0-F6E3-4EA5-8EDD-AE9D50949A5A}.Release|x86.Build.0 = Release|Win32
		{29B312CB-C053-4B7F-904D-A76A5D4B6157}.Debug|x64.ActiveCfg = Debug|x64
		{29B312CB-C053-4B7F-904D-A76A5D4B6157}.Debug|x64.Build.0 = Debug|x64
		{29B312CB-C053-4B7F-904D-A76A5D4B6157}.Debug|x86.ActiveCfg = Debug|Win32
		{29B312CB-C053-4B7F-904D-A76A5D4B6157}.Debug|x86.Build.0 = Debug|Win32
		{29B312CB-C053-4B7F-904D-A76A5D4B6157}.Release|x64.ActiveCfg = Release|x64
		{29B312CB-C053-4B7F-904D-A76A5D4B6157}.Release|x64.Build.0 = Release|x64
		{29B312CB-C053-4B7F-904D-A76A5D4B6157}.Release|x86.ActiveCfg = Release|Win32
		{29B312CB-C053-4B7F-904D-A76A5D4B6157}.Release|x86.Build.0 = Release|Win32
		{1EBC2DB9-5667-4605-B042-E21C40F2BBDB}.Debug|x64.ActiveCfg = Debug|x64
		{1EBC2DB9-5667-4605-B042-E21C40F2BBDB}.Debug|x64.Build.0 = Debug|x64
		{1EBC2DB9-5667-4605-B042-E21C40F2BBDB}.Debug|x86.ActiveCfg = Debug|Win32
		{1EBC2DB9-5667-4605-B042-E21C40F2BBDB}.Debug|x86.Build.0 = Debug|Win32
		{1EBC2DB9-5667-4605-B042-E21C40F2BBDB}.Release|x64.ActiveCfg = Release|x64
		{1EBC2DB9-5667-4605-B042-E21C40F2BBDB}.Release|x64.Build.0 = Release|x64
		{1EBC2DB9-5667-4605-B042-E21C40F2BBDB}.Release|x86.ActiveCfg = Release|Win32
		{1EBC2DB9-5667-4605-B042-E21C40F2BBDB}.Release|x86.Build.0 = Release|Win32
		{C25E339A-A514-4D21-97AD-C7A5B848E0E4}.Debug|x64.ActiveCfg = Debug|x64
		{C25E339A-A514-4D21-97AD-C7A5B848E0E4}.Debug|x64.Build.0 = Debug|x64
		{C25E339A-A514-4D21-97AD-C7A5B848E0E4}.Debug|x86.ActiveCfg = Debug|Win32
		{C25E339A-A514-4D21-97AD-C7A5B848E0E4}.Debug|x86.Build.0 = Debug|Win32
		{C25E339A-A514-4D21-97AD-C7A5B848E0E4}.Release|x64.ActiveCfg = Release|x64
		{C25E339A-A514-4D21-97AD-C7A5B848E0E4}.Release|x64.Build.0 = Release|x64
		{C25E339A-A514-4D21-97AD-C7A5B848E0E4}.Release|x86.ActiveCfg = Release|Win32
		{C25E339A-A514-4D21-97AD-C7A5B848E0E4}.Release|x86.Build.0 = Release|Win32
		{DFC2555E-B424-4B09-803D-F84AC43FF80B}.Debug|x64.ActiveCfg = Debug|x64
		{DFC2555E-B424-4B09-803D-F84AC43FF80B}.Debug|x64.Build.0 = Debug|x64
		{DFC2555E-B424-4B09-803D-F84AC43FF80B}.Debug|x86.ActiveCfg = Debug|Win32
		{DFC2555E-B424-4B09-803D-F84AC43FF80B}.Debug|x86.Build.0 = Debug|Win32
		{DFC2555E-B424-4B09-803D-F84AC43FF80B}.Release|x64.ActiveCfg = Release|x64
		{DFC2555E-B424-4B09-803D-F84AC43FF80B}.Release|x64.Build.0 = Release|x64
		{DFC2555E-B424-4B09-803D-F84AC43FF80B}.Release|x86.ActiveCfg = Release|Win32
		{DFC2555E-B424-4B09-803D-F84AC43FF80B}.Release|x86.Build.0 = Release|Win32
		{7CE3C774-C34C-4BF6-BFC4-CC5520425D1A}.Debug|x64.ActiveCfg = Debug|x64
		{7CE3C774-C34C-4BF6-BFC4-CC5520425D1A}.Debug|x64.Build.0 = Debug|x64
		{7CE3C774-C34C-4BF6-BFC4-CC5520425D1A}.Debug|x86.ActiveCfg = Debug|Win32
		{7CE3C774-C34C-4BF6-BFC4-CC5520425D1A}.Debug|x86.Build.0 = Debug|Win32
		{7CE3C774-C34C-4BF6-BFC4-CC5520425D1A}.Release|x64.ActiveCfg = Release|x64
		{7CE3C774-C34C-4BF6-BFC4-CC5520425D1A}.Release|x64.Build.0 = Release|x64
		{7CE3C774-C34C-4BF6-BFC4-CC5520425D1A}.Release|x86.ActiveCfg = Release|Win32
		{7CE3C774-C34C-4BF6-BFC4-CC5520425D1A}.Release|x86.Build.0 = Release|Win32
		{A40D7F5D-D3E7-4F35-A256-480A1EC7BA05}.Debug|x64.ActiveCfg = Debug|x64
		{A40D7F5D-D3E7-4F35-A256-480A1EC7BA05}.Debug|x64.Build.0 = Debug|x64
		{A40D7F5D-D3E7-4F35-A256-480A1EC7BA05}.Debug|x86.ActiveCfg = Debug|Win32
		{A40D7F5D-D3E7-4F35-A256-480A1EC7BA05}.Debug|x86.Build.0 = Debug|Win32
		{A40D7F5D-D3E7-4F35-A256-480A1EC7BA05}.Release|x64.ActiveCfg = Release|x64
		{A40D7F5D-D3E7-4F35-A256-480A1EC7BA05}.Release|x64.Build.0 = Release|x64
		{A40D7F5D-D3E7-4F35-A256-480A1EC7BA05}.Release|x86.ActiveCfg = Release|Win32
		{A40D7F5D-D3E7-4F35-A256-480A1EC7BA05}.Release|x86.Build.0 = Release|Win32
	EndGlobalSection
	GlobalSection(SolutionProperties) = preSolution
		HideSolutionNode = FALSE
	EndGlobalSection
	GlobalSection(ExtensibilityGlobals) = postSolution
		SolutionGuid = {C8B81E49-2952-423C-A88F-838F3E3BCD06}
	EndGlobalSection
EndGlobal
