
Microsoft Visual Studio Solution File, Format Version 12.00
# Visual Studio Version 16
VisualStudioVersion = 16.0.30413.136
MinimumVisualStudioVersion = 10.0.40219.1
Project("{8BC9CEB8-8B4A-11D0-8D11-00A0C91BC942}") = "7_3 참조에 의한 인수 전달", "7_3 참조에 의한 인수 전달\7_3 참조에 의한 인수 전달.vcxproj", "{1FC15AB0-F6E3-4EA5-8EDD-AE9D50949A5A}"
EndProject
Project("{8BC9CEB8-8B4A-11D0-8D11-00A0C91BC942}") = "7_5 다양한 반환 값들(값, 참조, 주소, 구조체, 튜플)", "7_5 다양한 반환 값들(값, 참조, 주소, 구조체, 튜플)\7_5 다양한 반환 값들(값, 참조, 주소, 구조체, 튜플).vcxproj", "{29B312CB-C053-4B7F-904D-A76A5D4B6157}"
EndProject
Global
	GlobalSection(SolutionConfigurationPlatforms) = preSolution
		Debug|x64 = Debug|x64
		Debug|x86 = Debug|x86
		Release|x64 = Release|x64
		Release|x86 = Release|x86
	EndGlobalSection
	GlobalSection(ProjectConfigurationPlatforms) = postSolution
		{1FC15AB0-F6E3-4EA5-8EDD-AE9D50949A5A}.Debug|x64.ActiveCfg = Debug|x64
		{1FC15AB0-F6E3-4EA5-8EDD-AE9D50949A5A}.Debug|x64.Build.0 = Debug|x64
		{1FC15AB0-F6E3-4EA5-8EDD-AE9D50949A5A}.Debug|x86.ActiveCfg = Debug|Win32
		{1FC15AB0-F6E3-4EA5-8EDD-AE9D50949A5A}.Debug|x86.Build.0 = Debug|Win32
		{1FC15AB0-F6E3-4EA5-8EDD-AE9D50949A5A}.Release|x64.ActiveCfg = Release|x64
		{1FC15AB0-F6E3-4EA5-8EDD-AE9D50949A5A}.Release|x64.Build.0 = Release|x64
		{1FC15AB0-F6E3-4EA5-8EDD-AE9D50949A5A}.Release|x86.ActiveCfg = Release|Win32
		{1FC15AB0-F6E3-4EA5-8EDD-AE9D50949A5A}.Release|x86.Build.0 = Release|Win32
		{29B312CB-C053-4B7F-904D-A76A5D4B6157}.Debug|x64.ActiveCfg = Debug|x64
		{29B312CB-C053-4B7F-904D-A76A5D4B6157}.Debug|x64.Build.0 = Debug|x64
		{29B312CB-C053-4B7F-904D-A76A5D4B6157}.Debug|x86.ActiveCfg = Debug|Win32
		{29B312CB-C053-4B7F-904D-A76A5D4B6157}.Debug|x86.Build.0 = Debug|Win32
		{29B312CB-C053-4B7F-904D-A76A5D4B6157}.Release|x64.ActiveCfg = Release|x64
		{29B312CB-C053-4B7F-904D-A76A5D4B6157}.Release|x64.Build.0 = Release|x64
		{29B312CB-C053-4B7F-904D-A76A5D4B6157}.Release|x86.ActiveCfg = Release|Win32
		{29B312CB-C053-4B7F-904D-A76A5D4B6157}.Release|x86.Build.0 = Release|Win32
	EndGlobalSection
	GlobalSection(SolutionProperties) = preSolution
		HideSolutionNode = FALSE
	EndGlobalSection
	GlobalSection(ExtensibilityGlobals) = postSolution
		SolutionGuid = {C8B81E49-2952-423C-A88F-838F3E3BCD06}
	EndGlobalSection
EndGlobal
