
Microsoft Visual Studio Solution File, Format Version 12.00
# Visual Studio Version 16
VisualStudioVersion = 16.0.30413.136
MinimumVisualStudioVersion = 10.0.40219.1
Project("{8BC9CEB8-8B4A-11D0-8D11-00A0C91BC942}") = "12.8 가상 기본 클래스와 다이아몬드 상속 문제", "12.8 가상 기본 클래스와 다이아몬드 상속 문제\12.8 가상 기본 클래스와 다이아몬드 상속 문제.vcxproj", "{52BD92B4-75A0-44CE-A7A9-D93C382F7BCF}"
EndProject
Project("{8BC9CEB8-8B4A-11D0-8D11-00A0C91BC942}") = "12.9 객체 잘림과 reference wrapper", "12.9 객체 잘림과 reference wrapper\12.9 객체 잘림과 reference wrapper.vcxproj", "{4FE7251D-9AD5-4578-B803-EEB9BBCC24F3}"
EndProject
Project("{8BC9CEB8-8B4A-11D0-8D11-00A0C91BC942}") = "12.10 동적 형변환", "12.10 동적 형변환\12.10 동적 형변환.vcxproj", "{E8497752-D457-4D1A-B2C9-2EDC1A3A7FF9}"
EndProject
Project("{8BC9CEB8-8B4A-11D0-8D11-00A0C91BC942}") = "12.11 유도 클래스에서 출력 연산자 사용하기", "12.11 유도 클래스에서 출력 연산자 사용하기\12.11 유도 클래스에서 출력 연산자 사용하기.vcxproj", "{95501D72-33E5-4450-B8C6-149191E66F36}"
EndProject
Global
	GlobalSection(SolutionConfigurationPlatforms) = preSolution
		Debug|x64 = Debug|x64
		Debug|x86 = Debug|x86
		Release|x64 = Release|x64
		Release|x86 = Release|x86
	EndGlobalSection
	GlobalSection(ProjectConfigurationPlatforms) = postSolution
		{52BD92B4-75A0-44CE-A7A9-D93C382F7BCF}.Debug|x64.ActiveCfg = Debug|x64
		{52BD92B4-75A0-44CE-A7A9-D93C382F7BCF}.Debug|x64.Build.0 = Debug|x64
		{52BD92B4-75A0-44CE-A7A9-D93C382F7BCF}.Debug|x86.ActiveCfg = Debug|Win32
		{52BD92B4-75A0-44CE-A7A9-D93C382F7BCF}.Debug|x86.Build.0 = Debug|Win32
		{52BD92B4-75A0-44CE-A7A9-D93C382F7BCF}.Release|x64.ActiveCfg = Release|x64
		{52BD92B4-75A0-44CE-A7A9-D93C382F7BCF}.Release|x64.Build.0 = Release|x64
		{52BD92B4-75A0-44CE-A7A9-D93C382F7BCF}.Release|x86.ActiveCfg = Release|Win32
		{52BD92B4-75A0-44CE-A7A9-D93C382F7BCF}.Release|x86.Build.0 = Release|Win32
		{4FE7251D-9AD5-4578-B803-EEB9BBCC24F3}.Debug|x64.ActiveCfg = Debug|x64
		{4FE7251D-9AD5-4578-B803-EEB9BBCC24F3}.Debug|x64.Build.0 = Debug|x64
		{4FE7251D-9AD5-4578-B803-EEB9BBCC24F3}.Debug|x86.ActiveCfg = Debug|Win32
		{4FE7251D-9AD5-4578-B803-EEB9BBCC24F3}.Debug|x86.Build.0 = Debug|Win32
		{4FE7251D-9AD5-4578-B803-EEB9BBCC24F3}.Release|x64.ActiveCfg = Release|x64
		{4FE7251D-9AD5-4578-B803-EEB9BBCC24F3}.Release|x64.Build.0 = Release|x64
		{4FE7251D-9AD5-4578-B803-EEB9BBCC24F3}.Release|x86.ActiveCfg = Release|Win32
		{4FE7251D-9AD5-4578-B803-EEB9BBCC24F3}.Release|x86.Build.0 = Release|Win32
		{E8497752-D457-4D1A-B2C9-2EDC1A3A7FF9}.Debug|x64.ActiveCfg = Debug|x64
		{E8497752-D457-4D1A-B2C9-2EDC1A3A7FF9}.Debug|x64.Build.0 = Debug|x64
		{E8497752-D457-4D1A-B2C9-2EDC1A3A7FF9}.Debug|x86.ActiveCfg = Debug|Win32
		{E8497752-D457-4D1A-B2C9-2EDC1A3A7FF9}.Debug|x86.Build.0 = Debug|Win32
		{E8497752-D457-4D1A-B2C9-2EDC1A3A7FF9}.Release|x64.ActiveCfg = Release|x64
		{E8497752-D457-4D1A-B2C9-2EDC1A3A7FF9}.Release|x64.Build.0 = Release|x64
		{E8497752-D457-4D1A-B2C9-2EDC1A3A7FF9}.Release|x86.ActiveCfg = Release|Win32
		{E8497752-D457-4D1A-B2C9-2EDC1A3A7FF9}.Release|x86.Build.0 = Release|Win32
		{95501D72-33E5-4450-B8C6-149191E66F36}.Debug|x64.ActiveCfg = Debug|x64
		{95501D72-33E5-4450-B8C6-149191E66F36}.Debug|x64.Build.0 = Debug|x64
		{95501D72-33E5-4450-B8C6-149191E66F36}.Debug|x86.ActiveCfg = Debug|Win32
		{95501D72-33E5-4450-B8C6-149191E66F36}.Debug|x86.Build.0 = Debug|Win32
		{95501D72-33E5-4450-B8C6-149191E66F36}.Release|x64.ActiveCfg = Release|x64
		{95501D72-33E5-4450-B8C6-149191E66F36}.Release|x64.Build.0 = Release|x64
		{95501D72-33E5-4450-B8C6-149191E66F36}.Release|x86.ActiveCfg = Release|Win32
		{95501D72-33E5-4450-B8C6-149191E66F36}.Release|x86.Build.0 = Release|Win32
	EndGlobalSection
	GlobalSection(SolutionProperties) = preSolution
		HideSolutionNode = FALSE
	EndGlobalSection
	GlobalSection(ExtensibilityGlobals) = postSolution
		SolutionGuid = {FAB1BF3F-2427-4CC4-BEA7-E76F1FE7C5B2}
	EndGlobalSection
EndGlobal
