
Microsoft Visual Studio Solution File, Format Version 12.00
# Visual Studio Version 16
VisualStudioVersion = 16.0.30413.136
MinimumVisualStudioVersion = 10.0.40219.1
Project("{8BC9CEB8-8B4A-11D0-8D11-00A0C91BC942}") = "19.1 람다 함수와 stdfunction stdbind, for_each", "19.1 람다 함수와 stdfunction stdbind, for_each\19.1 람다 함수와 stdfunction stdbind, for_each.vcxproj", "{EA779B87-4197-42B5-A74E-926B617D7DBC}"
EndProject
Project("{8BC9CEB8-8B4A-11D0-8D11-00A0C91BC942}") = "19.2 C++ 17 함수에서 여러 개의 리턴값 반환하기", "19.2 C++ 17 함수에서 여러 개의 리턴값 반환하기\19.2 C++ 17 함수에서 여러 개의 리턴값 반환하기.vcxproj", "{22EA38D3-247C-4837-B5AF-9EB15253A44D}"
EndProject
Project("{8BC9CEB8-8B4A-11D0-8D11-00A0C91BC942}") = "19.3 std thread와 멀티쓰레딩 기초", "19.3 std thread와 멀티쓰레딩 기초\19.3 std thread와 멀티쓰레딩 기초.vcxproj", "{522FDB35-4179-4AFC-B911-7A82B28BAF13}"
EndProject
Project("{8BC9CEB8-8B4A-11D0-8D11-00A0C91BC942}") = "19.4 레이스 컨디션, std atomic, std scoped_lock", "19.4 레이스 컨디션, std atomic, std scoped_lock\19.4 레이스 컨디션, std atomic, std scoped_lock.vcxproj", "{86B9C579-FE73-4E3A-9E12-E44FBAB6EA6C}"
EndProject
Project("{8BC9CEB8-8B4A-11D0-8D11-00A0C91BC942}") = "19.5 작업 기반 비동기 프로그래밍", "19.5 작업 기반 비동기 프로그래밍\19.5 작업 기반 비동기 프로그래밍.vcxproj", "{F1F70E97-526A-4C11-9162-4A56EF06B0B1}"
EndProject
Project("{8BC9CEB8-8B4A-11D0-8D11-00A0C91BC942}") = "19.6 멀티쓰레딩 예제 (벡터 내적)", "19.6 멀티쓰레딩 예제 (벡터 내적)\19.6 멀티쓰레딩 예제 (벡터 내적).vcxproj", "{06EFB32E-85FE-442A-8656-669B6810FCAD}"
EndProject
Global
	GlobalSection(SolutionConfigurationPlatforms) = preSolution
		Debug|x64 = Debug|x64
		Debug|x86 = Debug|x86
		Release|x64 = Release|x64
		Release|x86 = Release|x86
	EndGlobalSection
	GlobalSection(ProjectConfigurationPlatforms) = postSolution
		{EA779B87-4197-42B5-A74E-926B617D7DBC}.Debug|x64.ActiveCfg = Debug|x64
		{EA779B87-4197-42B5-A74E-926B617D7DBC}.Debug|x64.Build.0 = Debug|x64
		{EA779B87-4197-42B5-A74E-926B617D7DBC}.Debug|x86.ActiveCfg = Debug|Win32
		{EA779B87-4197-42B5-A74E-926B617D7DBC}.Debug|x86.Build.0 = Debug|Win32
		{EA779B87-4197-42B5-A74E-926B617D7DBC}.Release|x64.ActiveCfg = Release|x64
		{EA779B87-4197-42B5-A74E-926B617D7DBC}.Release|x64.Build.0 = Release|x64
		{EA779B87-4197-42B5-A74E-926B617D7DBC}.Release|x86.ActiveCfg = Release|Win32
		{EA779B87-4197-42B5-A74E-926B617D7DBC}.Release|x86.Build.0 = Release|Win32
		{22EA38D3-247C-4837-B5AF-9EB15253A44D}.Debug|x64.ActiveCfg = Debug|x64
		{22EA38D3-247C-4837-B5AF-9EB15253A44D}.Debug|x64.Build.0 = Debug|x64
		{22EA38D3-247C-4837-B5AF-9EB15253A44D}.Debug|x86.ActiveCfg = Debug|Win32
		{22EA38D3-247C-4837-B5AF-9EB15253A44D}.Debug|x86.Build.0 = Debug|Win32
		{22EA38D3-247C-4837-B5AF-9EB15253A44D}.Release|x64.ActiveCfg = Release|x64
		{22EA38D3-247C-4837-B5AF-9EB15253A44D}.Release|x64.Build.0 = Release|x64
		{22EA38D3-247C-4837-B5AF-9EB15253A44D}.Release|x86.ActiveCfg = Release|Win32
		{22EA38D3-247C-4837-B5AF-9EB15253A44D}.Release|x86.Build.0 = Release|Win32
		{522FDB35-4179-4AFC-B911-7A82B28BAF13}.Debug|x64.ActiveCfg = Debug|x64
		{522FDB35-4179-4AFC-B911-7A82B28BAF13}.Debug|x64.Build.0 = Debug|x64
		{522FDB35-4179-4AFC-B911-7A82B28BAF13}.Debug|x86.ActiveCfg = Debug|Win32
		{522FDB35-4179-4AFC-B911-7A82B28BAF13}.Debug|x86.Build.0 = Debug|Win32
		{522FDB35-4179-4AFC-B911-7A82B28BAF13}.Release|x64.ActiveCfg = Release|x64
		{522FDB35-4179-4AFC-B911-7A82B28BAF13}.Release|x64.Build.0 = Release|x64
		{522FDB35-4179-4AFC-B911-7A82B28BAF13}.Release|x86.ActiveCfg = Release|Win32
		{522FDB35-4179-4AFC-B911-7A82B28BAF13}.Release|x86.Build.0 = Release|Win32
		{86B9C579-FE73-4E3A-9E12-E44FBAB6EA6C}.Debug|x64.ActiveCfg = Debug|x64
		{86B9C579-FE73-4E3A-9E12-E44FBAB6EA6C}.Debug|x64.Build.0 = Debug|x64
		{86B9C579-FE73-4E3A-9E12-E44FBAB6EA6C}.Debug|x86.ActiveCfg = Debug|Win32
		{86B9C579-FE73-4E3A-9E12-E44FBAB6EA6C}.Debug|x86.Build.0 = Debug|Win32
		{86B9C579-FE73-4E3A-9E12-E44FBAB6EA6C}.Release|x64.ActiveCfg = Release|x64
		{86B9C579-FE73-4E3A-9E12-E44FBAB6EA6C}.Release|x64.Build.0 = Release|x64
		{86B9C579-FE73-4E3A-9E12-E44FBAB6EA6C}.Release|x86.ActiveCfg = Release|Win32
		{86B9C579-FE73-4E3A-9E12-E44FBAB6EA6C}.Release|x86.Build.0 = Release|Win32
		{F1F70E97-526A-4C11-9162-4A56EF06B0B1}.Debug|x64.ActiveCfg = Debug|x64
		{F1F70E97-526A-4C11-9162-4A56EF06B0B1}.Debug|x64.Build.0 = Debug|x64
		{F1F70E97-526A-4C11-9162-4A56EF06B0B1}.Debug|x86.ActiveCfg = Debug|Win32
		{F1F70E97-526A-4C11-9162-4A56EF06B0B1}.Debug|x86.Build.0 = Debug|Win32
		{F1F70E97-526A-4C11-9162-4A56EF06B0B1}.Release|x64.ActiveCfg = Release|x64
		{F1F70E97-526A-4C11-9162-4A56EF06B0B1}.Release|x64.Build.0 = Release|x64
		{F1F70E97-526A-4C11-9162-4A56EF06B0B1}.Release|x86.ActiveCfg = Release|Win32
		{F1F70E97-526A-4C11-9162-4A56EF06B0B1}.Release|x86.Build.0 = Release|Win32
		{06EFB32E-85FE-442A-8656-669B6810FCAD}.Debug|x64.ActiveCfg = Debug|x64
		{06EFB32E-85FE-442A-8656-669B6810FCAD}.Debug|x64.Build.0 = Debug|x64
		{06EFB32E-85FE-442A-8656-669B6810FCAD}.Debug|x86.ActiveCfg = Debug|Win32
		{06EFB32E-85FE-442A-8656-669B6810FCAD}.Debug|x86.Build.0 = Debug|Win32
		{06EFB32E-85FE-442A-8656-669B6810FCAD}.Release|x64.ActiveCfg = Release|x64
		{06EFB32E-85FE-442A-8656-669B6810FCAD}.Release|x64.Build.0 = Release|x64
		{06EFB32E-85FE-442A-8656-669B6810FCAD}.Release|x86.ActiveCfg = Release|Win32
		{06EFB32E-85FE-442A-8656-669B6810FCAD}.Release|x86.Build.0 = Release|Win32
	EndGlobalSection
	GlobalSection(SolutionProperties) = preSolution
		HideSolutionNode = FALSE
	EndGlobalSection
	GlobalSection(ExtensibilityGlobals) = postSolution
		SolutionGuid = {818885F2-36A9-4F6E-BF66-572317850889}
	EndGlobalSection
EndGlobal
