
Microsoft Visual Studio Solution File, Format Version 12.00
# Visual Studio Version 16
VisualStudioVersion = 16.0.30413.136
MinimumVisualStudioVersion = 10.0.40219.1
Project("{8BC9CEB8-8B4A-11D0-8D11-00A0C91BC942}") = "8_15 실행 시간 측정하기", "8_15 실행 시간 측정하기\8_15 실행 시간 측정하기.vcxproj", "{B708C59E-17CE-41A5-9451-B1F1F05B8ED0}"
EndProject
Project("{8BC9CEB8-8B4A-11D0-8D11-00A0C91BC942}") = "8_1 Object oriented programming", "8_1 Object oriented programming\8_1 Object oriented programming.vcxproj", "{16E3398B-2F1F-41C8-B5FF-DD0B2FEBEA75}"
EndProject
Project("{8BC9CEB8-8B4A-11D0-8D11-00A0C91BC942}") = "8_12 친구함수와 클래스 friend", "8_12 친구함수와 클래스 friend\8_12 친구함수와 클래스 friend.vcxproj", "{BE42A032-8E86-46D6-8F40-EFE892CD3BA9}"
EndProject
Project("{8BC9CEB8-8B4A-11D0-8D11-00A0C91BC942}") = "8_13 익명 객체", "8_13 익명 객체\8_13 익명 객체.vcxproj", "{8A26B3D4-C821-4F73-89BB-24E48F3DAC2D}"
EndProject
Project("{8BC9CEB8-8B4A-11D0-8D11-00A0C91BC942}") = "8_14 Nested types", "8_14 Nested types\8_14 Nested types.vcxproj", "{535FB8D1-DDBF-4324-8216-7FDC6A9EAD68}"
EndProject
Global
	GlobalSection(SolutionConfigurationPlatforms) = preSolution
		Debug|x64 = Debug|x64
		Debug|x86 = Debug|x86
		Release|x64 = Release|x64
		Release|x86 = Release|x86
	EndGlobalSection
	GlobalSection(ProjectConfigurationPlatforms) = postSolution
		{B708C59E-17CE-41A5-9451-B1F1F05B8ED0}.Debug|x64.ActiveCfg = Debug|x64
		{B708C59E-17CE-41A5-9451-B1F1F05B8ED0}.Debug|x64.Build.0 = Debug|x64
		{B708C59E-17CE-41A5-9451-B1F1F05B8ED0}.Debug|x86.ActiveCfg = Debug|Win32
		{B708C59E-17CE-41A5-9451-B1F1F05B8ED0}.Debug|x86.Build.0 = Debug|Win32
		{B708C59E-17CE-41A5-9451-B1F1F05B8ED0}.Release|x64.ActiveCfg = Release|x64
		{B708C59E-17CE-41A5-9451-B1F1F05B8ED0}.Release|x64.Build.0 = Release|x64
		{B708C59E-17CE-41A5-9451-B1F1F05B8ED0}.Release|x86.ActiveCfg = Release|Win32
		{B708C59E-17CE-41A5-9451-B1F1F05B8ED0}.Release|x86.Build.0 = Release|Win32
		{16E3398B-2F1F-41C8-B5FF-DD0B2FEBEA75}.Debug|x64.ActiveCfg = Debug|x64
		{16E3398B-2F1F-41C8-B5FF-DD0B2FEBEA75}.Debug|x64.Build.0 = Debug|x64
		{16E3398B-2F1F-41C8-B5FF-DD0B2FEBEA75}.Debug|x86.ActiveCfg = Debug|Win32
		{16E3398B-2F1F-41C8-B5FF-DD0B2FEBEA75}.Debug|x86.Build.0 = Debug|Win32
		{16E3398B-2F1F-41C8-B5FF-DD0B2FEBEA75}.Release|x64.ActiveCfg = Release|x64
		{16E3398B-2F1F-41C8-B5FF-DD0B2FEBEA75}.Release|x64.Build.0 = Release|x64
		{16E3398B-2F1F-41C8-B5FF-DD0B2FEBEA75}.Release|x86.ActiveCfg = Release|Win32
		{16E3398B-2F1F-41C8-B5FF-DD0B2FEBEA75}.Release|x86.Build.0 = Release|Win32
		{BE42A032-8E86-46D6-8F40-EFE892CD3BA9}.Debug|x64.ActiveCfg = Debug|x64
		{BE42A032-8E86-46D6-8F40-EFE892CD3BA9}.Debug|x64.Build.0 = Debug|x64
		{BE42A032-8E86-46D6-8F40-EFE892CD3BA9}.Debug|x86.ActiveCfg = Debug|Win32
		{BE42A032-8E86-46D6-8F40-EFE892CD3BA9}.Debug|x86.Build.0 = Debug|Win32
		{BE42A032-8E86-46D6-8F40-EFE892CD3BA9}.Release|x64.ActiveCfg = Release|x64
		{BE42A032-8E86-46D6-8F40-EFE892CD3BA9}.Release|x64.Build.0 = Release|x64
		{BE42A032-8E86-46D6-8F40-EFE892CD3BA9}.Release|x86.ActiveCfg = Release|Win32
		{BE42A032-8E86-46D6-8F40-EFE892CD3BA9}.Release|x86.Build.0 = Release|Win32
		{8A26B3D4-C821-4F73-89BB-24E48F3DAC2D}.Debug|x64.ActiveCfg = Debug|x64
		{8A26B3D4-C821-4F73-89BB-24E48F3DAC2D}.Debug|x64.Build.0 = Debug|x64
		{8A26B3D4-C821-4F73-89BB-24E48F3DAC2D}.Debug|x86.ActiveCfg = Debug|Win32
		{8A26B3D4-C821-4F73-89BB-24E48F3DAC2D}.Debug|x86.Build.0 = Debug|Win32
		{8A26B3D4-C821-4F73-89BB-24E48F3DAC2D}.Release|x64.ActiveCfg = Release|x64
		{8A26B3D4-C821-4F73-89BB-24E48F3DAC2D}.Release|x64.Build.0 = Release|x64
		{8A26B3D4-C821-4F73-89BB-24E48F3DAC2D}.Release|x86.ActiveCfg = Release|Win32
		{8A26B3D4-C821-4F73-89BB-24E48F3DAC2D}.Release|x86.Build.0 = Release|Win32
		{535FB8D1-DDBF-4324-8216-7FDC6A9EAD68}.Debug|x64.ActiveCfg = Debug|x64
		{535FB8D1-DDBF-4324-8216-7FDC6A9EAD68}.Debug|x64.Build.0 = Debug|x64
		{535FB8D1-DDBF-4324-8216-7FDC6A9EAD68}.Debug|x86.ActiveCfg = Debug|Win32
		{535FB8D1-DDBF-4324-8216-7FDC6A9EAD68}.Debug|x86.Build.0 = Debug|Win32
		{535FB8D1-DDBF-4324-8216-7FDC6A9EAD68}.Release|x64.ActiveCfg = Release|x64
		{535FB8D1-DDBF-4324-8216-7FDC6A9EAD68}.Release|x64.Build.0 = Release|x64
		{535FB8D1-DDBF-4324-8216-7FDC6A9EAD68}.Release|x86.ActiveCfg = Release|Win32
		{535FB8D1-DDBF-4324-8216-7FDC6A9EAD68}.Release|x86.Build.0 = Release|Win32
	EndGlobalSection
	GlobalSection(SolutionProperties) = preSolution
		HideSolutionNode = FALSE
	EndGlobalSection
	GlobalSection(ExtensibilityGlobals) = postSolution
		SolutionGuid = {A4045418-E1AC-4C42-B501-9F68BBF9003F}
	EndGlobalSection
EndGlobal
